{
  "name": "AUThConnect",
  "lockfileVersion": 3,
  "requires": true,
  "packages": {
    "": {
      "dependencies": {
        "@ng-icons/bootstrap-icons": "^29.5.0"
      }
    },
    "node_modules/@ng-icons/bootstrap-icons": {
      "version": "29.5.0",
      "resolved": "https://registry.npmjs.org/@ng-icons/bootstrap-icons/-/bootstrap-icons-29.5.0.tgz",
      "integrity": "sha512-nIQ5h7wJf/mr52ohUD34MJ6W344t9elYxFb1RTqcY1NGjpZjepwImE9BKGORTsuwaIPvLlB9H0VmafW3UaHTLA==",
      "license": "MIT",
      "dependencies": {
        "tslib": "^2.2.0"
      }
    },
    "node_modules/tslib": {
      "version": "2.7.0",
      "resolved": "https://registry.npmjs.org/tslib/-/tslib-2.7.0.tgz",
      "integrity": "sha512-gLXCKdN1/j47AiHiOkJN69hJmcbGTHI0ImLmbYLHykhgeN0jVGola9yVjFgzCUklsZQMW55o+dW7IXv3RCXDzA==",
      "license": "0BSD"
    }
  }
}
